{
    "name": "@sachin-bhawar/resume",
    "version": "1.0.0",
    "lockfileVersion": 3,
    "requires": true,
    "packages": {
        "": {
            "name": "@sachin-bhawar/resume",
            "version": "1.0.0",
            "license": "ISC",
            "dependencies": {
                "@sachin-bhawar/resume": "^1.0.0"
            },
            "bin": {
                "resume": "index.js"
            }
        },
        "node_modules/@sachin-bhawar/resume": {
            "version": "1.0.0",
            "resolved": "https://registry.npmjs.org/@sachin-bhawar/resume/-/resume-1.0.0.tgz",
            "integrity": "sha512-6aX6CtUcRGSox9GrH5xs9ggD+3EjyWaR72umIY8iHvHlGujTHpU1m07OpaOnSW2KTZlcUiASAGzFiy+glbbjmQ==",
            "license": "ISC",
            "bin": {
                "resume": "index.js"
            }
        }
    }
}
